
Microsoft Visual Studio Solution File, Format Version 12.00
# Visual Studio Version 16
VisualStudioVersion = 16.0.30907.101
MinimumVisualStudioVersion = 10.0.40219.1
Project("{FAE04EC0-301F-11D3-BF4B-00C04F79EFBC}") = "NorthwindBackend.ENTITIES", "NorthwindBackend.ENTITIES\NorthwindBackend.ENTITIES.csproj", "{294429B8-73D9-4DE8-9CBA-42127E65E09C}"
EndProject
Project("{FAE04EC0-301F-11D3-BF4B-00C04F79EFBC}") = "NorthwindBackend.DAL", "NorthwindBackend.DAL\NorthwindBackend.DAL.csproj", "{B42D9ABF-86DE-4370-961D-B3D2DF120052}"
EndProject
Project("{FAE04EC0-301F-11D3-BF4B-00C04F79EFBC}") = "NorthwindBackend.BLL", "NorthwindBackend.BLL\NorthwindBackend.BLL.csproj", "{4C7C8E91-EB64-4DD6-9B64-5479A37713A4}"
EndProject
Project("{FAE04EC0-301F-11D3-BF4B-00C04F79EFBC}") = "NorthwindBackend.CORE", "NorthwindBackend.CORE\NorthwindBackend.CORE.csproj", "{08172812-D99D-4B49-B7D2-AB5651AD2DF7}"
EndProject
Project("{FAE04EC0-301F-11D3-BF4B-00C04F79EFBC}") = "NorthwindBackend.WEBAPI", "NorthwindBackend.WEBAPI\NorthwindBackend.WEBAPI.csproj", "{017678CD-84F7-435C-8BB5-651135878751}"
EndProject
Global
	GlobalSection(SolutionConfigurationPlatforms) = preSolution
		Debug|Any CPU = Debug|Any CPU
		Release|Any CPU = Release|Any CPU
	EndGlobalSection
	GlobalSection(ProjectConfigurationPlatforms) = postSolution
		{294429B8-73D9-4DE8-9CBA-42127E65E09C}.Debug|Any CPU.ActiveCfg = Debug|Any CPU
		{294429B8-73D9-4DE8-9CBA-42127E65E09C}.Debug|Any CPU.Build.0 = Debug|Any CPU
		{294429B8-73D9-4DE8-9CBA-42127E65E09C}.Release|Any CPU.ActiveCfg = Release|Any CPU
		{294429B8-73D9-4DE8-9CBA-42127E65E09C}.Release|Any CPU.Build.0 = Release|Any CPU
		{B42D9ABF-86DE-4370-961D-B3D2DF120052}.Debug|Any CPU.ActiveCfg = Debug|Any CPU
		{B42D9ABF-86DE-4370-961D-B3D2DF120052}.Debug|Any CPU.Build.0 = Debug|Any CPU
		{B42D9ABF-86DE-4370-961D-B3D2DF120052}.Release|Any CPU.ActiveCfg = Release|Any CPU
		{B42D9ABF-86DE-4370-961D-B3D2DF120052}.Release|Any CPU.Build.0 = Release|Any CPU
		{4C7C8E91-EB64-4DD6-9B64-5479A37713A4}.Debug|Any CPU.ActiveCfg = Debug|Any CPU
		{4C7C8E91-EB64-4DD6-9B64-5479A37713A4}.Debug|Any CPU.Build.0 = Debug|Any CPU
		{4C7C8E91-EB64-4DD6-9B64-5479A37713A4}.Release|Any CPU.ActiveCfg = Release|Any CPU
		{4C7C8E91-EB64-4DD6-9B64-5479A37713A4}.Release|Any CPU.Build.0 = Release|Any CPU
		{08172812-D99D-4B49-B7D2-AB5651AD2DF7}.Debug|Any CPU.ActiveCfg = Debug|Any CPU
		{08172812-D99D-4B49-B7D2-AB5651AD2DF7}.Debug|Any CPU.Build.0 = Debug|Any CPU
		{08172812-D99D-4B49-B7D2-AB5651AD2DF7}.Release|Any CPU.ActiveCfg = Release|Any CPU
		{08172812-D99D-4B49-B7D2-AB5651AD2DF7}.Release|Any CPU.Build.0 = Release|Any CPU
		{017678CD-84F7-435C-8BB5-651135878751}.Debug|Any CPU.ActiveCfg = Debug|Any CPU
		{017678CD-84F7-435C-8BB5-651135878751}.Debug|Any CPU.Build.0 = Debug|Any CPU
		{017678CD-84F7-435C-8BB5-651135878751}.Release|Any CPU.ActiveCfg = Release|Any CPU
		{017678CD-84F7-435C-8BB5-651135878751}.Release|Any CPU.Build.0 = Release|Any CPU
	EndGlobalSection
	GlobalSection(SolutionProperties) = preSolution
		HideSolutionNode = FALSE
	EndGlobalSection
	GlobalSection(ExtensibilityGlobals) = postSolution
		SolutionGuid = {F04E6CEA-978F-4446-BBA2-A2FC7943BD50}
	EndGlobalSection
EndGlobal
